// !$*UTF8*$!
{
	archiveVersion = 1;
	classes = {
	};
	objectVersion = 46;
	objects = {

/* Begin PBXBuildFile section */
		64223A2E1F1B764A006B14E2 /* AppDelegate.swift in Sources */ = {isa = PBXBuildFile; fileRef = 64223A2D1F1B764A006B14E2 /* AppDelegate.swift */; };
		64223A301F1B764A006B14E2 /* ViewController.swift in Sources */ = {isa = PBXBuildFile; fileRef = 64223A2F1F1B764A006B14E2 /* ViewController.swift */; };
		64223A331F1B764A006B14E2 /* Main.storyboard in Resources */ = {isa = PBXBuildFile; fileRef = 64223A311F1B764A006B14E2 /* Main.storyboard */; };
		64223A351F1B764A006B14E2 /* Assets.xcassets in Resources */ = {isa = PBXBuildFile; fileRef = 64223A341F1B764A006B14E2 /* Assets.xcassets */; };
		64223A381F1B764A006B14E2 /* LaunchScreen.storyboard in Resources */ = {isa = PBXBuildFile; fileRef = 64223A361F1B764A006B14E2 /* LaunchScreen.storyboard */; };
		64223A431F1B764A006B14E2 /* SYYoutubeTests.swift in Sources */ = {isa = PBXBuildFile; fileRef = 64223A421F1B764A006B14E2 /* SYYoutubeTests.swift */; };
		64223A4E1F1B764A006B14E2 /* SYYoutubeUITests.swift in Sources */ = {isa = PBXBuildFile; fileRef = 64223A4D1F1B764A006B14E2 /* SYYoutubeUITests.swift */; };
		64223A5C1F1B81A8006B14E2 /* YouTubeVideoCell.swift in Sources */ = {isa = PBXBuildFile; fileRef = 64223A5B1F1B81A8006B14E2 /* YouTubeVideoCell.swift */; };
/* End PBXBuildFile section */

/* Begin PBXContainerItemProxy section */
		64223A3F1F1B764A006B14E2 /* PBXContainerItemProxy */ = {
			isa = PBXContainerItemProxy;
			containerPortal = 64223A221F1B764A006B14E2 /* Project object */;
			proxyType = 1;
			remoteGlobalIDString = 64223A291F1B764A006B14E2;
			remoteInfo = SYYoutube;
		};
		64223A4A1F1B764A006B14E2 /* PBXContainerItemProxy */ = {
			isa = PBXContainerItemProxy;
			containerPortal = 64223A221F1B764A006B14E2 /* Project object */;
			proxyType = 1;
			remoteGlobalIDString = 64223A291F1B764A006B14E2;
			remoteInfo = SYYoutube;
		};
/* End PBXContainerItemProxy section */

/* Begin PBXFileReference section */
		64223A2A1F1B764A006B14E2 /* SYYoutube.app */ = {isa = PBXFileReference; explicitFileType = wrapper.application; includeInIndex = 0; path = SYYoutube.app; sourceTree = BUILT_PRODUCTS_DIR; };
		64223A2D1F1B764A006B14E2 /* AppDelegate.swift */ = {isa = PBXFileReference; lastKnownFileType = sourcecode.swift; path = AppDelegate.swift; sourceTree = "<group>"; };
		64223A2F1F1B764A006B14E2 /* ViewController.swift */ = {isa = PBXFileReference; lastKnownFileType = sourcecode.swift; path = ViewController.swift; sourceTree = "<group>"; };
		64223A321F1B764A006B14E2 /* Base */ = {isa = PBXFileReference; lastKnownFileType = file.storyboard; name = Base; path = Base.lproj/Main.storyboard; sourceTree = "<group>"; };
		64223A341F1B764A006B14E2 /* Assets.xcassets */ = {isa = PBXFileReference; lastKnownFileType = folder.assetcatalog; path = Assets.xcassets; sourceTree = "<group>"; };
		64223A371F1B764A006B14E2 /* Base */ = {isa = PBXFileReference; lastKnownFileType = file.storyboard; name = Base; path = Base.lproj/LaunchScreen.storyboard; sourceTree = "<group>"; };
		64223A391F1B764A006B14E2 /* Info.plist */ = {isa = PBXFileReference; lastKnownFileType = text.plist.xml; path = Info.plist; sourceTree = "<group>"; };
		64223A3E1F1B764A006B14E2 /* SYYoutubeTests.xctest */ = {isa = PBXFileReference; explicitFileType = wrapper.cfbundle; includeInIndex = 0; path = SYYoutubeTests.xctest; sourceTree = BUILT_PRODUCTS_DIR; };
		64223A421F1B764A006B14E2 /* SYYoutubeTests.swift */ = {isa = PBXFileReference; lastKnownFileType = sourcecode.swift; path = SYYoutubeTests.swift; sourceTree = "<group>"; };
		64223A441F1B764A006B14E2 /* Info.plist */ = {isa = PBXFileReference; lastKnownFileType = text.plist.xml; path = Info.plist; sourceTree = "<group>"; };
		64223A491F1B764A006B14E2 /* SYYoutubeUITests.xctest */ = {isa = PBXFileReference; explicitFileType = wrapper.cfbundle; includeInIndex = 0; path = SYYoutubeUITests.xctest; sourceTree = BUILT_PRODUCTS_DIR; };
		64223A4D1F1B764A006B14E2 /* SYYoutubeUITests.swift */ = {isa = PBXFileReference; lastKnownFileType = sourcecode.swift; path = SYYoutubeUITests.swift; sourceTree = "<group>"; };
		64223A4F1F1B764A006B14E2 /* Info.plist */ = {isa = PBXFileReference; lastKnownFileType = text.plist.xml; path = Info.plist; sourceTree = "<group>"; };
		64223A5B1F1B81A8006B14E2 /* YouTubeVideoCell.swift */ = {isa = PBXFileReference; fileEncoding = 4; lastKnownFileType = sourcecode.swift; path = YouTubeVideoCell.swift; sourceTree = "<group>"; };
/* End PBXFileReference section */

/* Begin PBXFrameworksBuildPhase section */
		64223A271F1B764A006B14E2 /* Frameworks */ = {
			isa = PBXFrameworksBuildPhase;
			buildActionMask = 2147483647;
			files = (
			);
			runOnlyForDeploymentPostprocessing = 0;
		};
		64223A3B1F1B764A006B14E2 /* Frameworks */ = {
			isa = PBXFrameworksBuildPhase;
			buildActionMask = 2147483647;
			files = (
			);
			runOnlyForDeploymentPostprocessing = 0;
		};
		64223A461F1B764A006B14E2 /* Frameworks */ = {
			isa = PBXFrameworksBuildPhase;
			buildActionMask = 2147483647;
			files = (
			);
			runOnlyForDeploymentPostprocessing = 0;
		};
/* End PBXFrameworksBuildPhase section */

/* Begin PBXGroup section */
		64223A211F1B764A006B14E2 = {
			isa = PBXGroup;
			children = (
				64223A2C1F1B764A006B14E2 /* SYYoutube */,
				64223A411F1B764A006B14E2 /* SYYoutubeTests */,
				64223A4C1F1B764A006B14E2 /* SYYoutubeUITests */,
				64223A2B1F1B764A006B14E2 /* Products */,
			);
			sourceTree = "<group>";
		};
		64223A2B1F1B764A006B14E2 /* Products */ = {
			isa = PBXGroup;
			children = (
				64223A2A1F1B764A006B14E2 /* SYYoutube.app */,
				64223A3E1F1B764A006B14E2 /* SYYoutubeTests.xctest */,
				64223A491F1B764A006B14E2 /* SYYoutubeUITests.xctest */,
			);
			name = Products;
			sourceTree = "<group>";
		};
		64223A2C1F1B764A006B14E2 /* SYYoutube */ = {
			isa = PBXGroup;
			children = (
				64223A2D1F1B764A006B14E2 /* AppDelegate.swift */,
				64223A2F1F1B764A006B14E2 /* ViewController.swift */,
				64223A5B1F1B81A8006B14E2 /* YouTubeVideoCell.swift */,
				64223A311F1B764A006B14E2 /* Main.storyboard */,
				64223A341F1B764A006B14E2 /* Assets.xcassets */,
				64223A361F1B764A006B14E2 /* LaunchScreen.storyboard */,
				64223A391F1B764A006B14E2 /* Info.plist */,
			);
			path = SYYoutube;
			sourceTree = "<group>";
		};
		64223A411F1B764A006B14E2 /* SYYoutubeTests */ = {
			isa = PBXGroup;
			children = (
				64223A421F1B764A006B14E2 /* SYYoutubeTests.swift */,
				64223A441F1B764A006B14E2 /* Info.plist */,
			);
			path = SYYoutubeTests;
			sourceTree = "<group>";
		};
		64223A4C1F1B764A006B14E2 /* SYYoutubeUITests */ = {
			isa = PBXGroup;
			children = (
				64223A4D1F1B764A006B14E2 /* SYYoutubeUITests.swift */,
				64223A4F1F1B764A006B14E2 /* Info.plist */,
			);
			path = SYYoutubeUITests;
			sourceTree = "<group>";
		};
/* End PBXGroup section */

/* Begin PBXNativeTarget section */
		64223A291F1B764A006B14E2 /* SYYoutube */ = {
			isa = PBXNativeTarget;
			buildConfigurationList = 64223A521F1B764A006B14E2 /* Build configuration list for PBXNativeTarget "SYYoutube" */;
			buildPhases = (
				64223A261F1B764A006B14E2 /* Sources */,
				64223A271F1B764A006B14E2 /* Frameworks */,
				64223A281F1B764A006B14E2 /* Resources */,
			);
			buildRules = (
			);
			dependencies = (
			);
			name = SYYoutube;
			productName = SYYoutube;
			productReference = 64223A2A1F1B764A006B14E2 /* SYYoutube.app */;
			productType = "com.apple.product-type.application";
		};
		64223A3D1F1B764A006B14E2 /* SYYoutubeTests */ = {
			isa = PBXNativeTarget;
			buildConfigurationList = 64223A551F1B764A006B14E2 /* Build configuration list for PBXNativeTarget "SYYoutubeTests" */;
			buildPhases = (
				64223A3A1F1B764A006B14E2 /* Sources */,
				64223A3B1F1B764A006B14E2 /* Frameworks */,
				64223A3C1F1B764A006B14E2 /* Resources */,
			);
			buildRules = (
			);
			dependencies = (
				64223A401F1B764A006B14E2 /* PBXTargetDependency */,
			);
			name = SYYoutubeTests;
			productName = SYYoutubeTests;
			productReference = 64223A3E1F1B764A006B14E2 /* SYYoutubeTests.xctest */;
			productType = "com.apple.product-type.bundle.unit-test";
		};
		64223A481F1B764A006B14E2 /* SYYoutubeUITests */ = {
			isa = PBXNativeTarget;
			buildConfigurationList = 64223A581F1B764A006B14E2 /* Build configuration list for PBXNativeTarget "SYYoutubeUITests" */;
			buildPhases = (
				64223A451F1B764A006B14E2 /* Sources */,
				64223A461F1B764A006B14E2 /* Frameworks */,
				64223A471F1B764A006B14E2 /* Resources */,
			);
			buildRules = (
			);
			dependencies = (
				64223A4B1F1B764A006B14E2 /* PBXTargetDependency */,
			);
			name = SYYoutubeUITests;
			productName = SYYoutubeUITests;
			productReference = 64223A491F1B764A006B14E2 /* SYYoutubeUITests.xctest */;
			productType = "com.apple.product-type.bundle.ui-testing";
		};
/* End PBXNativeTarget section */

/* Begin PBXProject section */
		64223A221F1B764A006B14E2 /* Project object */ = {
			isa = PBXProject;
			attributes = {
				LastSwiftUpdateCheck = 0830;
				LastUpgradeCheck = 0830;
				ORGANIZATIONNAME = shenyi;
				TargetAttributes = {
					64223A291F1B764A006B14E2 = {
						CreatedOnToolsVersion = 8.3.2;
						DevelopmentTeam = 2A65SKVSKA;
						ProvisioningStyle = Automatic;
					};
					64223A3D1F1B764A006B14E2 = {
						CreatedOnToolsVersion = 8.3.2;
						ProvisioningStyle = Automatic;
						TestTargetID = 64223A291F1B764A006B14E2;
					};
					64223A481F1B764A006B14E2 = {
						CreatedOnToolsVersion = 8.3.2;
						ProvisioningStyle = Automatic;
						TestTargetID = 64223A291F1B764A006B14E2;
					};
				};
			};
			buildConfigurationList = 64223A251F1B764A006B14E2 /* Build configuration list for PBXProject "SYYoutube" */;
			compatibilityVersion = "Xcode 3.2";
			developmentRegion = English;
			hasScannedForEncodings = 0;
			knownRegions = (
				en,
				Base,
			);
			mainGroup = 64223A211F1B764A006B14E2;
			productRefGroup = 64223A2B1F1B764A006B14E2 /* Products */;
			projectDirPath = "";
			projectRoot = "";
			targets = (
				64223A291F1B764A006B14E2 /* SYYoutube */,
				64223A3D1F1B764A006B14E2 /* SYYoutubeTests */,
				64223A481F1B764A006B14E2 /* SYYoutubeUITests */,
			);
		};
/* End PBXProject section */

/* Begin PBXResourcesBuildPhase section */
		64223A281F1B764A006B14E2 /* Resources */ = {
			isa = PBXResourcesBuildPhase;
			buildActionMask = 2147483647;
			files = (
				64223A381F1B764A006B14E2 /* LaunchScreen.storyboard in Resources */,
				64223A351F1B764A006B14E2 /* Assets.xcassets in Resources */,
				64223A331F1B764A006B14E2 /* Main.storyboard in Resources */,
			);
			runOnlyForDeploymentPostprocessing = 0;
		};
		64223A3C1F1B764A006B14E2 /* Resources */ = {
			isa = PBXResourcesBuildPhase;
			buildActionMask = 2147483647;
			files = (
			);
			runOnlyForDeploymentPostprocessing = 0;
		};
		64223A471F1B764A006B14E2 /* Resources */ = {
			isa = PBXResourcesBuildPhase;
			buildActionMask = 2147483647;
			files = (
			);
			runOnlyForDeploymentPostprocessing = 0;
		};
/* End PBXResourcesBuildPhase section */

/* Begin PBXSourcesBuildPhase section */
		64223A261F1B764A006B14E2 /* Sources */ = {
			isa = PBXSourcesBuildPhase;
			buildActionMask = 2147483647;
			files = (
				64223A5C1F1B81A8006B14E2 /* YouTubeVideoCell.swift in Sources */,
				64223A301F1B764A006B14E2 /* ViewController.swift in Sources */,
				64223A2E1F1B764A006B14E2 /* AppDelegate.swift in Sources */,
			);
			runOnlyForDeploymentPostprocessing = 0;
		};
		64223A3A1F1B764A006B14E2 /* Sources */ = {
			isa = PBXSourcesBuildPhase;
			buildActionMask = 2147483647;
			files = (
				64223A431F1B764A006B14E2 /* SYYoutubeTests.swift in Sources */,
			);
			runOnlyForDeploymentPostprocessing = 0;
		};
		64223A451F1B764A006B14E2 /* Sources */ = {
			isa = PBXSourcesBuildPhase;
			buildActionMask = 2147483647;
			files = (
				64223A4E1F1B764A006B14E2 /* SYYoutubeUITests.swift in Sources */,
			);
			runOnlyForDeploymentPostprocessing = 0;
		};
/* End PBXSourcesBuildPhase section */

/* Begin PBXTargetDependency section */
		64223A401F1B764A006B14E2 /* PBXTargetDependency */ = {
			isa = PBXTargetDependency;
			target = 64223A291F1B764A006B14E2 /* SYYoutube */;
			targetProxy = 64223A3F1F1B764A006B14E2 /* PBXContainerItemProxy */;
		};
		64223A4B1F1B764A006B14E2 /* PBXTargetDependency */ = {
			isa = PBXTargetDependency;
			target = 64223A291F1B764A006B14E2 /* SYYoutube */;
			targetProxy = 64223A4A1F1B764A006B14E2 /* PBXContainerItemProxy */;
		};
/* End PBXTargetDependency section */

/* Begin PBXVariantGroup section */
		64223A311F1B764A006B14E2 /* Main.storyboard */ = {
			isa = PBXVariantGroup;
			children = (
				64223A321F1B764A006B14E2 /* Base */,
			);
			name = Main.storyboard;
			sourceTree = "<group>";
		};
		64223A361F1B764A006B14E2 /* LaunchScreen.storyboard */ = {
			isa = PBXVariantGroup;
			children = (
				64223A371F1B764A006B14E2 /* Base */,
			);
			name = LaunchScreen.storyboard;
			sourceTree = "<group>";
		};
/* End PBXVariantGroup section */

/* Begin XCBuildConfiguration section */
		64223A501F1B764A006B14E2 /* Debug */ = {
			isa = XCBuildConfiguration;
			buildSettings = {
				ALWAYS_SEARCH_USER_PATHS = NO;
				CLANG_ANALYZER_NONNULL = YES;
				CLANG_ANALYZER_NUMBER_OBJECT_CONVERSION = YES_AGGRESSIVE;
				CLANG_CXX_LANGUAGE_STANDARD = "gnu++0x";
				CLANG_CXX_LIBRARY = "libc++";
				CLANG_ENABLE_MODULES = YES;
				CLANG_ENABLE_OBJC_ARC = YES;
				CLANG_WARN_BOOL_CONVERSION = YES;
				CLANG_WARN_CONSTANT_CONVERSION = YES;
				CLANG_WARN_DIRECT_OBJC_ISA_USAGE = YES_ERROR;
				CLANG_WARN_DOCUMENTATION_COMMENTS = YES;
				CLANG_WARN_EMPTY_BODY = YES;
				CLANG_WARN_ENUM_CONVERSION = YES;
				CLANG_WARN_INFINITE_RECURSION = YES;
				CLANG_WARN_INT_CONVERSION = YES;
				CLANG_WARN_OBJC_ROOT_CLASS = YES_ERROR;
				CLANG_WARN_SUSPICIOUS_MOVE = YES;
				CLANG_WARN_UNREACHABLE_CODE = YES;
				CLANG_WARN__DUPLICATE_METHOD_MATCH = YES;
				"CODE_SIGN_IDENTITY[sdk=iphoneos*]" = "iPhone Developer";
				COPY_PHASE_STRIP = NO;
				DEBUG_INFORMATION_FORMAT = dwarf;
				ENABLE_STRICT_OBJC_MSGSEND = YES;
				ENABLE_TESTABILITY = YES;
				GCC_C_LANGUAGE_STANDARD = gnu99;
				GCC_DYNAMIC_NO_PIC = NO;
				GCC_NO_COMMON_BLOCKS = YES;
				GCC_OPTIMIZATION_LEVEL = 0;
				GCC_PREPROCESSOR_DEFINITIONS = (
					"DEBUG=1",
					"$(inherited)",
				);
				GCC_WARN_64_TO_32_BIT_CONVERSION = YES;
				GCC_WARN_ABOUT_RETURN_TYPE = YES_ERROR;
				GCC_WARN_UNDECLARED_SELECTOR = YES;
				GCC_WARN_UNINITIALIZED_AUTOS = YES_AGGRESSIVE;
				GCC_WARN_UNUSED_FUNCTION = YES;
				GCC_WARN_UNUSED_VARIABLE = YES;
				IPHONEOS_DEPLOYMENT_TARGET = 10.3;
				MTL_ENABLE_DEBUG_INFO = YES;
				ONLY_ACTIVE_ARCH = YES;
				SDKROOT = iphoneos;
				SWIFT_ACTIVE_COMPILATION_CONDITIONS = DEBUG;
				SWIFT_OPTIMIZATION_LEVEL = "-Onone";
				TARGETED_DEVICE_FAMILY = "1,2";
			};
			name = Debug;
		};
		64223A511F1B764A006B14E2 /* Release */ = {
			isa = XCBuildConfiguration;
			buildSettings = {
				ALWAYS_SEARCH_USER_PATHS = NO;
				CLANG_ANALYZER_NONNULL = YES;
				CLANG_ANALYZER_NUMBER_OBJECT_CONVERSION = YES_AGGRESSIVE;
				CLANG_CXX_LANGUAGE_STANDARD = "gnu++0x";
				CLANG_CXX_LIBRARY = "libc++";
				CLANG_ENABLE_MODULES = YES;
				CLANG_ENABLE_OBJC_ARC = YES;
				CLANG_WARN_BOOL_CONVERSION = YES;
				CLANG_WARN_CONSTANT_CONVERSION = YES;
				CLANG_WARN_DIRECT_OBJC_ISA_USAGE = YES_ERROR;
				CLANG_WARN_DOCUMENTATION_COMMENTS = YES;
				CLANG_WARN_EMPTY_BODY = YES;
				CLANG_WARN_ENUM_CONVERSION = YES;
				CLANG_WARN_INFINITE_RECURSION = YES;
				CLANG_WARN_INT_CONVERSION = YES;
				CLANG_WARN_OBJC_ROOT_CLASS = YES_ERROR;
				CLANG_WARN_SUSPICIOUS_MOVE = YES;
				CLANG_WARN_UNREACHABLE_CODE = YES;
				CLANG_WARN__DUPLICATE_METHOD_MATCH = YES;
				"CODE_SIGN_IDENTITY[sdk=iphoneos*]" = "iPhone Developer";
				COPY_PHASE_STRIP = NO;
				DEBUG_INFORMATION_FORMAT = "dwarf-with-dsym";
				ENABLE_NS_ASSERTIONS = NO;
				ENABLE_STRICT_OBJC_MSGSEND = YES;
				GCC_C_LANGUAGE_STANDARD = gnu99;
				GCC_NO_COMMON_BLOCKS = YES;
				GCC_WARN_64_TO_32_BIT_CONVERSION = YES;
				GCC_WARN_ABOUT_RETURN_TYPE = YES_ERROR;
				GCC_WARN_UNDECLARED_SELECTOR = YES;
				GCC_WARN_UNINITIALIZED_AUTOS = YES_AGGRESSIVE;
				GCC_WARN_UNUSED_FUNCTION = YES;
				GCC_WARN_UNUSED_VARIABLE = YES;
				IPHONEOS_DEPLOYMENT_TARGET = 10.3;
				MTL_ENABLE_DEBUG_INFO = NO;
				SDKROOT = iphoneos;
				SWIFT_OPTIMIZATION_LEVEL = "-Owholemodule";
				TARGETED_DEVICE_FAMILY = "1,2";
				VALIDATE_PRODUCT = YES;
			};
			name = Release;
		};
		64223A531F1B764A006B14E2 /* Debug */ = {
			isa = XCBuildConfiguration;
			buildSettings = {
				ASSETCATALOG_COMPILER_APPICON_NAME = AppIcon;
				DEVELOPMENT_TEAM = 2A65SKVSKA;
				INFOPLIST_FILE = SYYoutube/Info.plist;
				LD_RUNPATH_SEARCH_PATHS = "$(inherited) @executable_path/Frameworks";
				PRODUCT_BUNDLE_IDENTIFIER = com.shenyi.SYYoutube;
				PRODUCT_NAME = "$(TARGET_NAME)";
				SWIFT_VERSION = 3.0;
			};
			name = Debug;
		};
		64223A541F1B764A006B14E2 /* Release */ = {
			isa = XCBuildConfiguration;
			buildSettings = {
				ASSETCATALOG_COMPILER_APPICON_NAME = AppIcon;
				DEVELOPMENT_TEAM = 2A65SKVSKA;
				INFOPLIST_FILE = SYYoutube/Info.plist;
				LD_RUNPATH_SEARCH_PATHS = "$(inherited) @executable_path/Frameworks";
				PRODUCT_BUNDLE_IDENTIFIER = com.shenyi.SYYoutube;
				PRODUCT_NAME = "$(TARGET_NAME)";
				SWIFT_VERSION = 3.0;
			};
			name = Release;
		};
		64223A561F1B764A006B14E2 /* Debug */ = {
			isa = XCBuildConfiguration;
			buildSettings = {
				ALWAYS_EMBED_SWIFT_STANDARD_LIBRARIES = YES;
				BUNDLE_LOADER = "$(TEST_HOST)";
				INFOPLIST_FILE = SYYoutubeTests/Info.plist;
				LD_RUNPATH_SEARCH_PATHS = "$(inherited) @executable_path/Frameworks @loader_path/Frameworks";
				PRODUCT_BUNDLE_IDENTIFIER = com.shenyi.SYYoutubeTests;
				PRODUCT_NAME = "$(TARGET_NAME)";
				SWIFT_VERSION = 3.0;
				TEST_HOST = "$(BUILT_PRODUCTS_DIR)/SYYoutube.app/SYYoutube";
			};
			name = Debug;
		};
		64223A571F1B764A006B14E2 /* Release */ = {
			isa = XCBuildConfiguration;
			buildSettings = {
				ALWAYS_EMBED_SWIFT_STANDARD_LIBRARIES = YES;
				BUNDLE_LOADER = "$(TEST_HOST)";
				INFOPLIST_FILE = SYYoutubeTests/Info.plist;
				LD_RUNPATH_SEARCH_PATHS = "$(inherited) @executable_path/Frameworks @loader_path/Frameworks";
				PRODUCT_BUNDLE_IDENTIFIER = com.shenyi.SYYoutubeTests;
				PRODUCT_NAME = "$(TARGET_NAME)";
				SWIFT_VERSION = 3.0;
				TEST_HOST = "$(BUILT_PRODUCTS_DIR)/SYYoutube.app/SYYoutube";
			};
			name = Release;
		};
		64223A591F1B764A006B14E2 /* Debug */ = {
			isa = XCBuildConfiguration;
			buildSettings = {
				ALWAYS_EMBED_SWIFT_STANDARD_LIBRARIES = YES;
				INFOPLIST_FILE = SYYoutubeUITests/Info.plist;
				LD_RUNPATH_SEARCH_PATHS = "$(inherited) @executable_path/Frameworks @loader_path/Frameworks";
				PRODUCT_BUNDLE_IDENTIFIER = com.shenyi.SYYoutubeUITests;
				PRODUCT_NAME = "$(TARGET_NAME)";
				SWIFT_VERSION = 3.0;
				TEST_TARGET_NAME = SYYoutube;
			};
			name = Debug;
		};
		64223A5A1F1B764A006B14E2 /* Release */ = {
			isa = XCBuildConfiguration;
			buildSettings = {
				ALWAYS_EMBED_SWIFT_STANDARD_LIBRARIES = YES;
				INFOPLIST_FILE = SYYoutubeUITests/Info.plist;
				LD_RUNPATH_SEARCH_PATHS = "$(inherited) @executable_path/Frameworks @loader_path/Frameworks";
				PRODUCT_BUNDLE_IDENTIFIER = com.shenyi.SYYoutubeUITests;
				PRODUCT_NAME = "$(TARGET_NAME)";
				SWIFT_VERSION = 3.0;
				TEST_TARGET_NAME = SYYoutube;
			};
			name = Release;
		};
/* End XCBuildConfiguration section */

/* Begin XCConfigurationList section */
		64223A251F1B764A006B14E2 /* Build configuration list for PBXProject "SYYoutube" */ = {
			isa = XCConfigurationList;
			buildConfigurations = (
				64223A501F1B764A006B14E2 /* Debug */,
				64223A511F1B764A006B14E2 /* Release */,
			);
			defaultConfigurationIsVisible = 0;
			defaultConfigurationName = Release;
		};
		64223A521F1B764A006B14E2 /* Build configuration list for PBXNativeTarget "SYYoutube" */ = {
			isa = XCConfigurationList;
			buildConfigurations = (
				64223A531F1B764A006B14E2 /* Debug */,
				64223A541F1B764A006B14E2 /* Release */,
			);
			defaultConfigurationIsVisible = 0;
		};
		64223A551F1B764A006B14E2 /* Build configuration list for PBXNativeTarget "SYYoutubeTests" */ = {
			isa = XCConfigurationList;
			buildConfigurations = (
				64223A561F1B764A006B14E2 /* Debug */,
				64223A571F1B764A006B14E2 /* Release */,
			);
			defaultConfigurationIsVisible = 0;
		};
		64223A581F1B764A006B14E2 /* Build configuration list for PBXNativeTarget "SYYoutubeUITests" */ = {
			isa = XCConfigurationList;
			buildConfigurations = (
				64223A591F1B764A006B14E2 /* Debug */,
				64223A5A1F1B764A006B14E2 /* Release */,
			);
			defaultConfigurationIsVisible = 0;
		};
/* End XCConfigurationList section */
	};
	rootObject = 64223A221F1B764A006B14E2 /* Project object */;
}
